
Microsoft Visual Studio Solution File, Format Version 12.00
# Visual Studio Version 17
VisualStudioVersion = 17.12.35514.174 d17.12
MinimumVisualStudioVersion = 10.0.40219.1
Project("{FAE04EC0-301F-11D3-BF4B-00C04F79EFBC}") = "Web", "Web\Web.csproj", "{EE7D0889-3092-4B12-9227-52FAB61457F8}"
EndProject
Project("{FAE04EC0-301F-11D3-BF4B-00C04F79EFBC}") = "DAL", "DAL\DAL.csproj", "{0E474C26-43BF-4C9B-91E6-1A5050CA28ED}"
EndProject
Project("{FAE04EC0-301F-11D3-BF4B-00C04F79EFBC}") = "BLL", "BLL\BLL.csproj", "{0FF24F05-CC91-4041-8737-4116DB3FBD11}"
EndProject
Global
	GlobalSection(SolutionConfigurationPlatforms) = preSolution
		Debug|Any CPU = Debug|Any CPU
		Release|Any CPU = Release|Any CPU
	EndGlobalSection
	GlobalSection(ProjectConfigurationPlatforms) = postSolution
		{EE7D0889-3092-4B12-9227-52FAB61457F8}.Debug|Any CPU.ActiveCfg = Debug|Any CPU
		{EE7D0889-3092-4B12-9227-52FAB61457F8}.Debug|Any CPU.Build.0 = Debug|Any CPU
		{EE7D0889-3092-4B12-9227-52FAB61457F8}.Release|Any CPU.ActiveCfg = Release|Any CPU
		{EE7D0889-3092-4B12-9227-52FAB61457F8}.Release|Any CPU.Build.0 = Release|Any CPU
		{0E474C26-43BF-4C9B-91E6-1A5050CA28ED}.Debug|Any CPU.ActiveCfg = Debug|Any CPU
		{0E474C26-43BF-4C9B-91E6-1A5050CA28ED}.Debug|Any CPU.Build.0 = Debug|Any CPU
		{0E474C26-43BF-4C9B-91E6-1A5050CA28ED}.Release|Any CPU.ActiveCfg = Release|Any CPU
		{0E474C26-43BF-4C9B-91E6-1A5050CA28ED}.Release|Any CPU.Build.0 = Release|Any CPU
		{0FF24F05-CC91-4041-8737-4116DB3FBD11}.Debug|Any CPU.ActiveCfg = Debug|Any CPU
		{0FF24F05-CC91-4041-8737-4116DB3FBD11}.Debug|Any CPU.Build.0 = Debug|Any CPU
		{0FF24F05-CC91-4041-8737-4116DB3FBD11}.Release|Any CPU.ActiveCfg = Release|Any CPU
		{0FF24F05-CC91-4041-8737-4116DB3FBD11}.Release|Any CPU.Build.0 = Release|Any CPU
	EndGlobalSection
	GlobalSection(SolutionProperties) = preSolution
		HideSolutionNode = FALSE
	EndGlobalSection
EndGlobal
